
Microsoft Visual Studio Solution File, Format Version 12.00
# Visual Studio Version 17
VisualStudioVersion = 17.3.32825.248
MinimumVisualStudioVersion = 10.0.40219.1
Project("{9A19103F-16F7-4668-BE54-9A1E7A4F7556}") = "Microwave.Classes", "Microwave.Classes\Microwave.Classes.csproj", "{32849DFA-B862-4A26-88CA-A801E76ACA2C}"
EndProject
Project("{9A19103F-16F7-4668-BE54-9A1E7A4F7556}") = "Microwave.App", "Microwave.App\Microwave.App.csproj", "{69D0E33B-3E85-4F0E-AA74-E745E7CB8D80}"
EndProject
Project("{9A19103F-16F7-4668-BE54-9A1E7A4F7556}") = "Microwave.Test.Integration", "Microwave.Test.Integration\Microwave.Test.Integration.csproj", "{DBC2940D-869A-4C8F-9A94-CB72EFE0A097}"
EndProject
Project("{9A19103F-16F7-4668-BE54-9A1E7A4F7556}") = "Microwave.Test.Unit", "Microwave.Test.Unit\Microwave.Test.Unit.csproj", "{C6C96351-D20F-43FF-98EB-0E966D41D13F}"
EndProject
Global
	GlobalSection(SolutionConfigurationPlatforms) = preSolution
		Debug|Any CPU = Debug|Any CPU
		Release|Any CPU = Release|Any CPU
	EndGlobalSection
	GlobalSection(ProjectConfigurationPlatforms) = postSolution
		{32849DFA-B862-4A26-88CA-A801E76ACA2C}.Debug|Any CPU.ActiveCfg = Debug|Any CPU
		{32849DFA-B862-4A26-88CA-A801E76ACA2C}.Debug|Any CPU.Build.0 = Debug|Any CPU
		{32849DFA-B862-4A26-88CA-A801E76ACA2C}.Release|Any CPU.ActiveCfg = Release|Any CPU
		{32849DFA-B862-4A26-88CA-A801E76ACA2C}.Release|Any CPU.Build.0 = Release|Any CPU
		{69D0E33B-3E85-4F0E-AA74-E745E7CB8D80}.Debug|Any CPU.ActiveCfg = Debug|Any CPU
		{69D0E33B-3E85-4F0E-AA74-E745E7CB8D80}.Debug|Any CPU.Build.0 = Debug|Any CPU
		{69D0E33B-3E85-4F0E-AA74-E745E7CB8D80}.Release|Any CPU.ActiveCfg = Release|Any CPU
		{69D0E33B-3E85-4F0E-AA74-E745E7CB8D80}.Release|Any CPU.Build.0 = Release|Any CPU
		{DBC2940D-869A-4C8F-9A94-CB72EFE0A097}.Debug|Any CPU.ActiveCfg = Debug|Any CPU
		{DBC2940D-869A-4C8F-9A94-CB72EFE0A097}.Debug|Any CPU.Build.0 = Debug|Any CPU
		{DBC2940D-869A-4C8F-9A94-CB72EFE0A097}.Release|Any CPU.ActiveCfg = Release|Any CPU
		{DBC2940D-869A-4C8F-9A94-CB72EFE0A097}.Release|Any CPU.Build.0 = Release|Any CPU
		{C6C96351-D20F-43FF-98EB-0E966D41D13F}.Debug|Any CPU.ActiveCfg = Debug|Any CPU
		{C6C96351-D20F-43FF-98EB-0E966D41D13F}.Debug|Any CPU.Build.0 = Debug|Any CPU
		{C6C96351-D20F-43FF-98EB-0E966D41D13F}.Release|Any CPU.ActiveCfg = Release|Any CPU
		{C6C96351-D20F-43FF-98EB-0E966D41D13F}.Release|Any CPU.Build.0 = Release|Any CPU
	EndGlobalSection
	GlobalSection(SolutionProperties) = preSolution
		HideSolutionNode = FALSE
	EndGlobalSection
	GlobalSection(ExtensibilityGlobals) = postSolution
		SolutionGuid = {C5384EFB-144F-4772-9204-49636D569090}
	EndGlobalSection
EndGlobal
